
Microsoft Visual Studio Solution File, Format Version 12.00
# Visual Studio Version 17
VisualStudioVersion = 17.1.32210.238
MinimumVisualStudioVersion = 10.0.40219.1
Project("{9A19103F-16F7-4668-BE54-9A1E7A4F7556}") = "PerformanceExperiments", "PerformanceExperiments\PerformanceExperiments.csproj", "{D09B8CD7-8AC4-457D-BACA-2EC0E20AB784}"
EndProject
Project("{9A19103F-16F7-4668-BE54-9A1E7A4F7556}") = "PerformanceExperiments.Tests", "PerformanceExperimentsTests\PerformanceExperiments.Tests.csproj", "{55815363-714F-4345-AA65-29E245A7E9CF}"
EndProject
Project("{2150E333-8FDC-42A3-9474-1A3956D46DE8}") = "Solution Items", "Solution Items", "{B340C8D9-394B-4205-BB92-008AE72CF2FF}"
	ProjectSection(SolutionItems) = preProject
		.editorconfig = .editorconfig
	EndProjectSection
EndProject
Global
	GlobalSection(SolutionConfigurationPlatforms) = preSolution
		Debug|Any CPU = Debug|Any CPU
		Release|Any CPU = Release|Any CPU
	EndGlobalSection
	GlobalSection(ProjectConfigurationPlatforms) = postSolution
		{D09B8CD7-8AC4-457D-BACA-2EC0E20AB784}.Debug|Any CPU.ActiveCfg = Debug|Any CPU
		{D09B8CD7-8AC4-457D-BACA-2EC0E20AB784}.Debug|Any CPU.Build.0 = Debug|Any CPU
		{D09B8CD7-8AC4-457D-BACA-2EC0E20AB784}.Release|Any CPU.ActiveCfg = Release|Any CPU
		{D09B8CD7-8AC4-457D-BACA-2EC0E20AB784}.Release|Any CPU.Build.0 = Release|Any CPU
		{55815363-714F-4345-AA65-29E245A7E9CF}.Debug|Any CPU.ActiveCfg = Debug|Any CPU
		{55815363-714F-4345-AA65-29E245A7E9CF}.Debug|Any CPU.Build.0 = Debug|Any CPU
		{55815363-714F-4345-AA65-29E245A7E9CF}.Release|Any CPU.ActiveCfg = Release|Any CPU
		{55815363-714F-4345-AA65-29E245A7E9CF}.Release|Any CPU.Build.0 = Release|Any CPU
	EndGlobalSection
	GlobalSection(SolutionProperties) = preSolution
		HideSolutionNode = FALSE
	EndGlobalSection
	GlobalSection(ExtensibilityGlobals) = postSolution
		SolutionGuid = {024C05A8-7BD0-48BC-A5EE-590B113F7E99}
	EndGlobalSection
EndGlobal
